Microsoft Visual Studio Solution File, Format Version 12.00
# Visual Studio 15
VisualStudioVersion = 15.0.26730.15
MinimumVisualStudioVersion = 15.0.26124.0
Project("{9A19103F-16F7-4668-BE54-9A1E7A4F7556}") = "ReadableApi", "src\ReadableApi.csproj", "{00F305C7-88A1-451A-B5D6-84F255D7FB44}"
EndProject
Project("{9A19103F-16F7-4668-BE54-9A1E7A4F7556}") = "ReadableApi.Test", "ReadableApi.Test\ReadableApi.Test.csproj", "{6B7D1E1F-EE97-4006-8844-C4FE1F86E842}"
EndProject
Global
	GlobalSection(SolutionConfigurationPlatforms) = preSolution
		Debug|Any CPU = Debug|Any CPU
		Debug|x64 = Debug|x64
		Debug|x86 = Debug|x86
		Release|Any CPU = Release|Any CPU
		Release|x64 = Release|x64
		Release|x86 = Release|x86
	EndGlobalSection
	GlobalSection(ProjectConfigurationPlatforms) = postSolution
		{00F305C7-88A1-451A-B5D6-84F255D7FB44}.Debug|Any CPU.ActiveCfg = Debug|x64
		{00F305C7-88A1-451A-B5D6-84F255D7FB44}.Debug|Any CPU.Build.0 = Debug|x64
		{00F305C7-88A1-451A-B5D6-84F255D7FB44}.Debug|x64.ActiveCfg = Debug|x64
		{00F305C7-88A1-451A-B5D6-84F255D7FB44}.Debug|x64.Build.0 = Debug|x64
		{00F305C7-88A1-451A-B5D6-84F255D7FB44}.Debug|x86.ActiveCfg = Debug|Any CPU
		{00F305C7-88A1-451A-B5D6-84F255D7FB44}.Debug|x86.Build.0 = Debug|Any CPU
		{00F305C7-88A1-451A-B5D6-84F255D7FB44}.Release|Any CPU.ActiveCfg = Release|Any CPU
		{00F305C7-88A1-451A-B5D6-84F255D7FB44}.Release|Any CPU.Build.0 = Release|Any CPU
		{00F305C7-88A1-451A-B5D6-84F255D7FB44}.Release|x64.ActiveCfg = Release|x64
		{00F305C7-88A1-451A-B5D6-84F255D7FB44}.Release|x64.Build.0 = Release|x64
		{00F305C7-88A1-451A-B5D6-84F255D7FB44}.Release|x86.ActiveCfg = Release|Any CPU
		{00F305C7-88A1-451A-B5D6-84F255D7FB44}.Release|x86.Build.0 = Release|Any CPU
		{6B7D1E1F-EE97-4006-8844-C4FE1F86E842}.Debug|Any CPU.ActiveCfg = Debug|x64
		{6B7D1E1F-EE97-4006-8844-C4FE1F86E842}.Debug|Any CPU.Build.0 = Debug|x64
		{6B7D1E1F-EE97-4006-8844-C4FE1F86E842}.Debug|x64.ActiveCfg = Debug|x64
		{6B7D1E1F-EE97-4006-8844-C4FE1F86E842}.Debug|x64.Build.0 = Debug|x64
		{6B7D1E1F-EE97-4006-8844-C4FE1F86E842}.Debug|x86.ActiveCfg = Debug|Any CPU
		{6B7D1E1F-EE97-4006-8844-C4FE1F86E842}.Debug|x86.Build.0 = Debug|Any CPU
		{6B7D1E1F-EE97-4006-8844-C4FE1F86E842}.Release|Any CPU.ActiveCfg = Release|Any CPU
		{6B7D1E1F-EE97-4006-8844-C4FE1F86E842}.Release|Any CPU.Build.0 = Release|Any CPU
		{6B7D1E1F-EE97-4006-8844-C4FE1F86E842}.Release|x64.ActiveCfg = Release|x64
		{6B7D1E1F-EE97-4006-8844-C4FE1F86E842}.Release|x64.Build.0 = Release|x64
		{6B7D1E1F-EE97-4006-8844-C4FE1F86E842}.Release|x86.ActiveCfg = Release|Any CPU
		{6B7D1E1F-EE97-4006-8844-C4FE1F86E842}.Release|x86.Build.0 = Release|Any CPU
	EndGlobalSection
	GlobalSection(SolutionProperties) = preSolution
		HideSolutionNode = FALSE
	EndGlobalSection
	GlobalSection(ExtensibilityGlobals) = postSolution
		SolutionGuid = {8BC5C8E1-50A9-4529-BB44-1C4993070A3E}
	EndGlobalSection
EndGlobal
