
Microsoft Visual Studio Solution File, Format Version 12.00
# Visual Studio 15
VisualStudioVersion = 15.0.26730.15
MinimumVisualStudioVersion = 10.0.40219.1
Project("{9A19103F-16F7-4668-BE54-9A1E7A4F7556}") = "ReadableApi", "src\ReadableApi\ReadableApi.csproj", "{A5A6E8D1-4565-4553-9427-BAC33B815625}"
EndProject
Global
	GlobalSection(SolutionConfigurationPlatforms) = preSolution
		Debug|Any CPU = Debug|Any CPU
		Debug|x64 = Debug|x64
		Release|Any CPU = Release|Any CPU
		Release|x64 = Release|x64
	EndGlobalSection
	GlobalSection(ProjectConfigurationPlatforms) = postSolution
		{A5A6E8D1-4565-4553-9427-BAC33B815625}.Debug|Any CPU.ActiveCfg = Debug|x64
		{A5A6E8D1-4565-4553-9427-BAC33B815625}.Debug|Any CPU.Build.0 = Debug|x64
		{A5A6E8D1-4565-4553-9427-BAC33B815625}.Debug|x64.ActiveCfg = Debug|x64
		{A5A6E8D1-4565-4553-9427-BAC33B815625}.Debug|x64.Build.0 = Debug|x64
		{A5A6E8D1-4565-4553-9427-BAC33B815625}.Release|Any CPU.ActiveCfg = Release|Any CPU
		{A5A6E8D1-4565-4553-9427-BAC33B815625}.Release|Any CPU.Build.0 = Release|Any CPU
		{A5A6E8D1-4565-4553-9427-BAC33B815625}.Release|x64.ActiveCfg = Release|x64
		{A5A6E8D1-4565-4553-9427-BAC33B815625}.Release|x64.Build.0 = Release|x64
	EndGlobalSection
	GlobalSection(SolutionProperties) = preSolution
		HideSolutionNode = FALSE
	EndGlobalSection
	GlobalSection(ExtensibilityGlobals) = postSolution
		SolutionGuid = {182FD126-197E-49F7-B2DF-F520AB910060}
	EndGlobalSection
EndGlobal
